
Microsoft Visual Studio Solution File, Format Version 12.00
# Visual Studio 2013
VisualStudioVersion = 12.0.21005.1
MinimumVisualStudioVersion = 10.0.40219.1
Project("{FAE04EC0-301F-11D3-BF4B-00C04F79EFBC}") = "1to3", "Assignment1\1to3.csproj", "{4028EE63-640B-4FE2-9138-996B0DC3BDA1}"
EndProject
Project("{FAE04EC0-301F-11D3-BF4B-00C04F79EFBC}") = "question1", "question1\question1.csproj", "{C598910C-7C74-4411-BD4E-F50B1F042DF0}"
	ProjectSection(ProjectDependencies) = postProject
		{4028EE63-640B-4FE2-9138-996B0DC3BDA1} = {4028EE63-640B-4FE2-9138-996B0DC3BDA1}
	EndProjectSection
EndProject
Project("{FAE04EC0-301F-11D3-BF4B-00C04F79EFBC}") = "question2", "question2\question2.csproj", "{6BC3D4AB-3B31-41F6-AD8A-504B2D29DA80}"
	ProjectSection(ProjectDependencies) = postProject
		{4028EE63-640B-4FE2-9138-996B0DC3BDA1} = {4028EE63-640B-4FE2-9138-996B0DC3BDA1}
	EndProjectSection
EndProject
Project("{FAE04EC0-301F-11D3-BF4B-00C04F79EFBC}") = "question3", "question3\question3.csproj", "{D2FA3BD2-F1E5-441E-9F7F-1B5E4D7CADFA}"
	ProjectSection(ProjectDependencies) = postProject
		{4028EE63-640B-4FE2-9138-996B0DC3BDA1} = {4028EE63-640B-4FE2-9138-996B0DC3BDA1}
	EndProjectSection
EndProject
Global
	GlobalSection(SolutionConfigurationPlatforms) = preSolution
		Debug|Any CPU = Debug|Any CPU
		Release|Any CPU = Release|Any CPU
	EndGlobalSection
	GlobalSection(ProjectConfigurationPlatforms) = postSolution
		{4028EE63-640B-4FE2-9138-996B0DC3BDA1}.Debug|Any CPU.ActiveCfg = Debug|Any CPU
		{4028EE63-640B-4FE2-9138-996B0DC3BDA1}.Debug|Any CPU.Build.0 = Debug|Any CPU
		{4028EE63-640B-4FE2-9138-996B0DC3BDA1}.Release|Any CPU.ActiveCfg = Release|Any CPU
		{4028EE63-640B-4FE2-9138-996B0DC3BDA1}.Release|Any CPU.Build.0 = Release|Any CPU
		{C598910C-7C74-4411-BD4E-F50B1F042DF0}.Debug|Any CPU.ActiveCfg = Debug|Any CPU
		{C598910C-7C74-4411-BD4E-F50B1F042DF0}.Debug|Any CPU.Build.0 = Debug|Any CPU
		{C598910C-7C74-4411-BD4E-F50B1F042DF0}.Release|Any CPU.ActiveCfg = Release|Any CPU
		{C598910C-7C74-4411-BD4E-F50B1F042DF0}.Release|Any CPU.Build.0 = Release|Any CPU
		{6BC3D4AB-3B31-41F6-AD8A-504B2D29DA80}.Debug|Any CPU.ActiveCfg = Debug|Any CPU
		{6BC3D4AB-3B31-41F6-AD8A-504B2D29DA80}.Debug|Any CPU.Build.0 = Debug|Any CPU
		{6BC3D4AB-3B31-41F6-AD8A-504B2D29DA80}.Release|Any CPU.ActiveCfg = Release|Any CPU
		{6BC3D4AB-3B31-41F6-AD8A-504B2D29DA80}.Release|Any CPU.Build.0 = Release|Any CPU
		{D2FA3BD2-F1E5-441E-9F7F-1B5E4D7CADFA}.Debug|Any CPU.ActiveCfg = Debug|Any CPU
		{D2FA3BD2-F1E5-441E-9F7F-1B5E4D7CADFA}.Debug|Any CPU.Build.0 = Debug|Any CPU
		{D2FA3BD2-F1E5-441E-9F7F-1B5E4D7CADFA}.Release|Any CPU.ActiveCfg = Release|Any CPU
		{D2FA3BD2-F1E5-441E-9F7F-1B5E4D7CADFA}.Release|Any CPU.Build.0 = Release|Any CPU
	EndGlobalSection
	GlobalSection(SolutionProperties) = preSolution
		HideSolutionNode = FALSE
	EndGlobalSection
EndGlobal
